
Microsoft Visual Studio Solution File, Format Version 12.00
# Visual Studio Version 16
VisualStudioVersion = 16.0.29926.136
MinimumVisualStudioVersion = 10.0.40219.1
Project("{FAE04EC0-301F-11D3-BF4B-00C04F79EFBC}") = "CargoTransportation", "CargoTransportation\CargoTransportation.csproj", "{2AE5A3F4-480F-4986-A0B8-B4FB68403B1F}"
EndProject
Project("{FAE04EC0-301F-11D3-BF4B-00C04F79EFBC}") = "RequestHandler", "RequestHandler\RequestHandler.csproj", "{BE43C240-27FF-43ED-ADED-3EE22BCD3940}"
EndProject
Global
	GlobalSection(SolutionConfigurationPlatforms) = preSolution
		Debug|Any CPU = Debug|Any CPU
		Release|Any CPU = Release|Any CPU
	EndGlobalSection
	GlobalSection(ProjectConfigurationPlatforms) = postSolution
		{2AE5A3F4-480F-4986-A0B8-B4FB68403B1F}.Debug|Any CPU.ActiveCfg = Debug|Any CPU
		{2AE5A3F4-480F-4986-A0B8-B4FB68403B1F}.Debug|Any CPU.Build.0 = Debug|Any CPU
		{2AE5A3F4-480F-4986-A0B8-B4FB68403B1F}.Release|Any CPU.ActiveCfg = Release|Any CPU
		{2AE5A3F4-480F-4986-A0B8-B4FB68403B1F}.Release|Any CPU.Build.0 = Release|Any CPU
		{BE43C240-27FF-43ED-ADED-3EE22BCD3940}.Debug|Any CPU.ActiveCfg = Debug|Any CPU
		{BE43C240-27FF-43ED-ADED-3EE22BCD3940}.Debug|Any CPU.Build.0 = Debug|Any CPU
		{BE43C240-27FF-43ED-ADED-3EE22BCD3940}.Release|Any CPU.ActiveCfg = Release|Any CPU
		{BE43C240-27FF-43ED-ADED-3EE22BCD3940}.Release|Any CPU.Build.0 = Release|Any CPU
	EndGlobalSection
	GlobalSection(SolutionProperties) = preSolution
		HideSolutionNode = FALSE
	EndGlobalSection
	GlobalSection(ExtensibilityGlobals) = postSolution
		SolutionGuid = {21E04246-5B44-482C-8FD0-2FD24921F14D}
	EndGlobalSection
EndGlobal
